{
  "name": "98.css",
  "version": "0.0.1",
  "lockfileVersion": 1,
  "requires": true,
  "dependencies": {
    "dedent": {
      "version": "0.7.0",
      "resolved": "https://registry.npmjs.org/dedent/-/dedent-0.7.0.tgz",
      "integrity": "sha1-JJXduvbrh0q7Dhvp3yLS5aVEMmw=",
      "dev": true
    },
    "ejs": {
      "version": "3.0.2",
      "resolved": "https://registry.npmjs.org/ejs/-/ejs-3.0.2.tgz",
      "integrity": "sha512-IncmUpn1yN84hy2shb0POJ80FWrfGNY0cxO9f4v+/sG7qcBvAtVWUA1IdzY/8EYUmOVhoKJVdJjNd3AZcnxOjA==",
      "dev": true
    }
  }
}
